// !$*UTF8*$!
{
	archiveVersion = 1;
	classes = {
	};
	objectVersion = 56;
	objects = {

/* Begin PBXBuildFile section */
		A1B2C3D4E5F6789012345678 /* FeelTheComplexityApp.swift in Sources */ = {isa = PBXBuildFile; fileRef = A1B2C3D4E5F6789012345677 /* FeelTheComplexityApp.swift */; };
		A1B2C3D4E5F6789012345679 /* ContentView.swift in Sources */ = {isa = PBXBuildFile; fileRef = A1B2C3D4E5F6789012345676 /* ContentView.swift */; };
		A1B2C3D4E5F678901234567B /* Assets.xcassets in Resources */ = {isa = PBXBuildFile; fileRef = A1B2C3D4E5F678901234567A /* Assets.xcassets */; };
		A1B2C3D4E5F678901234567E /* Preview Assets.xcassets in Resources */ = {isa = PBXBuildFile; fileRef = A1B2C3D4E5F678901234567D /* Preview Assets.xcassets */; };
		A1B2C3D4E5F678901234567F /* UserProgress.swift in Sources */ = {isa = PBXBuildFile; fileRef = A1B2C3D4E5F678901234567C /* UserProgress.swift */; };
		A1B2C3D4E5F6789012345680 /* Lesson.swift in Sources */ = {isa = PBXBuildFile; fileRef = A1B2C3D4E5F678901234567G /* Lesson.swift */; };
		A1B2C3D4E5F6789012345681 /* Achievement.swift in Sources */ = {isa = PBXBuildFile; fileRef = A1B2C3D4E5F678901234567H /* Achievement.swift */; };
		A1B2C3D4E5F6789012345682 /* DailyStreak.swift in Sources */ = {isa = PBXBuildFile; fileRef = A1B2C3D4E5F678901234567I /* DailyStreak.swift */; };
		A1B2C3D4E5F6789012345683 /* ComplexitySimulationEngine.swift in Sources */ = {isa = PBXBuildFile; fileRef = A1B2C3D4E5F678901234567J /* ComplexitySimulationEngine.swift */; };
		A1B2C3D4E5F6789012345684 /* HomeView.swift in Sources */ = {isa = PBXBuildFile; fileRef = A1B2C3D4E5F678901234567K /* HomeView.swift */; };
		A1B2C3D4E5F6789012345685 /* PlaygroundView.swift in Sources */ = {isa = PBXBuildFile; fileRef = A1B2C3D4E5F678901234567L /* PlaygroundView.swift */; };
		A1B2C3D4E5F6789012345686 /* CodeEditorTab.swift in Sources */ = {isa = PBXBuildFile; fileRef = A1B2C3D4E5F678901234567M /* CodeEditorTab.swift */; };
		A1B2C3D4E5F6789012345687 /* VisualizationTab.swift in Sources */ = {isa = PBXBuildFile; fileRef = A1B2C3D4E5F678901234567N /* VisualizationTab.swift */; };
		A1B2C3D4E5F6789012345688 /* PerformanceTab.swift in Sources */ = {isa = PBXBuildFile; fileRef = A1B2C3D4E5F678901234567O /* PerformanceTab.swift */; };
		A1B2C3D4E5F6789012345689 /* HeatmapView.swift in Sources */ = {isa = PBXBuildFile; fileRef = A1B2C3D4E5F678901234567P /* HeatmapView.swift */; };
		A1B2C3D4E5F678901234568A /* LearnView.swift in Sources */ = {isa = PBXBuildFile; fileRef = A1B2C3D4E5F678901234567Q /* LearnView.swift */; };
		A1B2C3D4E5F678901234568B /* ProfileView.swift in Sources */ = {isa = PBXBuildFile; fileRef = A1B2C3D4E5F678901234567R /* ProfileView.swift */; };
		A1B2C3D4E5F678901234568C /* WelcomeView.swift in Sources */ = {isa = PBXBuildFile; fileRef = A1B2C3D4E5F678901234567S /* WelcomeView.swift */; };
		A1B2C3D4E5F678901234568D /* DailyPathView.swift in Sources */ = {isa = PBXBuildFile; fileRef = A1B2C3D4E5F678901234567T /* DailyPathView.swift */; };
		A1B2C3D4E5F678901234568E /* LessonPickerView.swift in Sources */ = {isa = PBXBuildFile; fileRef = A1B2C3D4E5F678901234567U /* LessonPickerView.swift */; };
		A1B2C3D4E5F678901234568F /* String+Extensions.swift in Sources */ = {isa = PBXBuildFile; fileRef = A1B2C3D4E5F678901234567V /* String+Extensions.swift */; };
		A1B2C3D4E5F6789012345690 /* FeelTheComplexity.entitlements in Resources */ = {isa = PBXBuildFile; fileRef = A1B2C3D4E5F678901234567W /* FeelTheComplexity.entitlements */; };
/* End PBXBuildFile section */

/* Begin PBXFileReference section */
		A1B2C3D4E5F6789012345673 /* FeelTheComplexity.app */ = {isa = PBXFileReference; explicitFileType = wrapper.application; includeInIndex = 0; path = FeelTheComplexity.app; sourceTree = BUILT_PRODUCTS_DIR; };
		A1B2C3D4E5F6789012345677 /* FeelTheComplexityApp.swift */ = {isa = PBXFileReference; lastKnownFileType = sourcecode.swift; path = FeelTheComplexityApp.swift; sourceTree = "<group>"; };
		A1B2C3D4E5F6789012345676 /* ContentView.swift */ = {isa = PBXFileReference; lastKnownFileType = sourcecode.swift; path = ContentView.swift; sourceTree = "<group>"; };
		A1B2C3D4E5F678901234567A /* Assets.xcassets */ = {isa = PBXFileReference; lastKnownFileType = folder.assetcatalog; path = Assets.xcassets; sourceTree = "<group>"; };
		A1B2C3D4E5F678901234567C /* FeelTheComplexity.entitlements */ = {isa = PBXFileReference; lastKnownFileType = text.plist.entitlements; path = FeelTheComplexity.entitlements; sourceTree = "<group>"; };
		A1B2C3D4E5F678901234567D /* Preview Assets.xcassets */ = {isa = PBXFileReference; lastKnownFileType = folder.assetcatalog; path = "Preview Assets.xcassets"; sourceTree = "<group>"; };
		A1B2C3D4E5F678901234567G /* UserProgress.swift */ = {isa = PBXFileReference; lastKnownFileType = sourcecode.swift; path = UserProgress.swift; sourceTree = "<group>"; };
		A1B2C3D4E5F678901234567H /* Lesson.swift */ = {isa = PBXFileReference; lastKnownFileType = sourcecode.swift; path = Lesson.swift; sourceTree = "<group>"; };
		A1B2C3D4E5F678901234567I /* Achievement.swift */ = {isa = PBXFileReference; lastKnownFileType = sourcecode.swift; path = Achievement.swift; sourceTree = "<group>"; };
		A1B2C3D4E5F678901234567J /* DailyStreak.swift */ = {isa = PBXFileReference; lastKnownFileType = sourcecode.swift; path = DailyStreak.swift; sourceTree = "<group>"; };
		A1B2C3D4E5F678901234567K /* ComplexitySimulationEngine.swift */ = {isa = PBXFileReference; lastKnownFileType = sourcecode.swift; path = ComplexitySimulationEngine.swift; sourceTree = "<group>"; };
		A1B2C3D4E5F678901234567L /* HomeView.swift */ = {isa = PBXFileReference; lastKnownFileType = sourcecode.swift; path = HomeView.swift; sourceTree = "<group>"; };
		A1B2C3D4E5F678901234567M /* PlaygroundView.swift */ = {isa = PBXFileReference; lastKnownFileType = sourcecode.swift; path = PlaygroundView.swift; sourceTree = "<group>"; };
		A1B2C3D4E5F678901234567N /* CodeEditorTab.swift */ = {isa = PBXFileReference; lastKnownFileType = sourcecode.swift; path = CodeEditorTab.swift; sourceTree = "<group>"; };
		A1B2C3D4E5F678901234567O /* VisualizationTab.swift */ = {isa = PBXFileReference; lastKnownFileType = sourcecode.swift; path = VisualizationTab.swift; sourceTree = "<group>"; };
		A1B2C3D4E5F678901234567P /* PerformanceTab.swift */ = {isa = PBXFileReference; lastKnownFileType = sourcecode.swift; path = PerformanceTab.swift; sourceTree = "<group>"; };
		A1B2C3D4E5F678901234567Q /* HeatmapView.swift */ = {isa = PBXFileReference; lastKnownFileType = sourcecode.swift; path = HeatmapView.swift; sourceTree = "<group>"; };
		A1B2C3D4E5F678901234567R /* LearnView.swift */ = {isa = PBXFileReference; lastKnownFileType = sourcecode.swift; path = LearnView.swift; sourceTree = "<group>"; };
		A1B2C3D4E5F678901234567S /* ProfileView.swift */ = {isa = PBXFileReference; lastKnownFileType = sourcecode.swift; path = ProfileView.swift; sourceTree = "<group>"; };
		A1B2C3D4E5F678901234567T /* WelcomeView.swift */ = {isa = PBXFileReference; lastKnownFileType = sourcecode.swift; path = WelcomeView.swift; sourceTree = "<group>"; };
		A1B2C3D4E5F678901234567U /* DailyPathView.swift */ = {isa = PBXFileReference; lastKnownFileType = sourcecode.swift; path = DailyPathView.swift; sourceTree = "<group>"; };
		A1B2C3D4E5F678901234567V /* LessonPickerView.swift */ = {isa = PBXFileReference; lastKnownFileType = sourcecode.swift; path = LessonPickerView.swift; sourceTree = "<group>"; };
		A1B2C3D4E5F678901234567W /* String+Extensions.swift */ = {isa = PBXFileReference; lastKnownFileType = sourcecode.swift; path = String+Extensions.swift; sourceTree = "<group>"; };
/* End PBXFileReference section */

/* Begin PBXFrameworksBuildPhase section */
		A1B2C3D4E5F6789012345670 /* Frameworks */ = {
			isa = PBXFrameworksBuildPhase;
			buildActionMask = 2147483647;
			files = (
			);
			runOnlyForDeploymentPostprocessing = 0;
		};
/* End PBXFrameworksBuildPhase section */

/* Begin PBXGroup section */
		A1B2C3D4E5F678901234566A /* Products */ = {
			isa = PBXGroup;
			children = (
				A1B2C3D4E5F6789012345673 /* FeelTheComplexity.app */,
			);
			name = Products;
			sourceTree = "<group>";
		};
		A1B2C3D4E5F6789012345669 /* FeelTheComplexity */ = {
			isa = PBXGroup;
			children = (
				A1B2C3D4E5F678901234567X /* App */,
				A1B2C3D4E5F678901234567Y /* Core */,
				A1B2C3D4E5F678901234567Z /* Features */,
				A1B2C3D4E5F678901234568A /* Resources */,
				A1B2C3D4E5F678901234566A /* Products */,
			);
			sourceTree = "<group>";
		};
		A1B2C3D4E5F678901234567X /* App */ = {
			isa = PBXGroup;
			children = (
				A1B2C3D4E5F6789012345677 /* FeelTheComplexityApp.swift */,
			);
			path = App;
			sourceTree = "<group>";
		};
		A1B2C3D4E5F678901234567Y /* Core */ = {
			isa = PBXGroup;
			children = (
				A1B2C3D4E5F678901234567B /* Models */,
				A1B2C3D4E5F678901234567C /* Engine */,
				A1B2C3D4E5F678901234567D /* Extensions */,
			);
			path = Core;
			sourceTree = "<group>";
		};
		A1B2C3D4E5F678901234567B /* Models */ = {
			isa = PBXGroup;
			children = (
				A1B2C3D4E5F678901234567G /* UserProgress.swift */,
				A1B2C3D4E5F678901234567H /* Lesson.swift */,
				A1B2C3D4E5F678901234567I /* Achievement.swift */,
				A1B2C3D4E5F678901234567J /* DailyStreak.swift */,
			);
			path = Models;
			sourceTree = "<group>";
		};
		A1B2C3D4E5F678901234567C /* Engine */ = {
			isa = PBXGroup;
			children = (
				A1B2C3D4E5F678901234567K /* ComplexitySimulationEngine.swift */,
			);
			path = Engine;
			sourceTree = "<group>";
		};
		A1B2C3D4E5F678901234567D /* Extensions */ = {
			isa = PBXGroup;
			children = (
				A1B2C3D4E5F678901234567W /* String+Extensions.swift */,
			);
			path = Extensions;
			sourceTree = "<group>";
		};
		A1B2C3D4E5F678901234567Z /* Features */ = {
			isa = PBXGroup;
			children = (
				A1B2C3D4E5F678901234567E /* Home */,
				A1B2C3D4E5F678901234567F /* Playground */,
				A1B2C3D4E5F6789012345680 /* Learn */,
				A1B2C3D4E5F6789012345681 /* Profile */,
				A1B2C3D4E5F6789012345682 /* DailyPath */,
			);
			path = Features;
			sourceTree = "<group>";
		};
		A1B2C3D4E5F678901234567E /* Home */ = {
			isa = PBXGroup;
			children = (
				A1B2C3D4E5F6789012345676 /* ContentView.swift */,
				A1B2C3D4E5F678901234567L /* HomeView.swift */,
				A1B2C3D4E5F678901234567T /* WelcomeView.swift */,
				A1B2C3D4E5F678901234567U /* LessonPickerView.swift */,
			);
			path = Home;
			sourceTree = "<group>";
		};
		A1B2C3D4E5F678901234567F /* Playground */ = {
			isa = PBXGroup;
			children = (
				A1B2C3D4E5F678901234567M /* PlaygroundView.swift */,
				A1B2C3D4E5F678901234567N /* CodeEditorTab.swift */,
				A1B2C3D4E5F678901234567O /* VisualizationTab.swift */,
				A1B2C3D4E5F678901234567P /* PerformanceTab.swift */,
				A1B2C3D4E5F678901234567Q /* HeatmapView.swift */,
			);
			path = Playground;
			sourceTree = "<group>";
		};
		A1B2C3D4E5F6789012345680 /* Learn */ = {
			isa = PBXGroup;
			children = (
				A1B2C3D4E5F678901234567R /* LearnView.swift */,
			);
			path = Learn;
			sourceTree = "<group>";
		};
		A1B2C3D4E5F6789012345681 /* Profile */ = {
			isa = PBXGroup;
			children = (
				A1B2C3D4E5F678901234567S /* ProfileView.swift */,
			);
			path = Profile;
			sourceTree = "<group>";
		};
		A1B2C3D4E5F6789012345682 /* DailyPath */ = {
			isa = PBXGroup;
			children = (
				A1B2C3D4E5F678901234567V /* DailyPathView.swift */,
			);
			path = DailyPath;
			sourceTree = "<group>";
		};
		A1B2C3D4E5F678901234568A /* Resources */ = {
			isa = PBXGroup;
			children = (
				A1B2C3D4E5F678901234567A /* Assets.xcassets */,
				A1B2C3D4E5F678901234567W /* FeelTheComplexity.entitlements */,
				A1B2C3D4E5F678901234567D /* Preview Assets.xcassets */,
			);
			path = Resources;
			sourceTree = "<group>";
		};
/* End PBXGroup section */

/* Begin PBXNativeTarget section */
		A1B2C3D4E5F6789012345672 /* FeelTheComplexity */ = {
			isa = PBXNativeTarget;
			buildConfigurationList = A1B2C3D4E5F678901234568B /* Build configuration list for PBXNativeTarget "FeelTheComplexity" */;
			buildPhases = (
				A1B2C3D4E5F678901234566F /* Sources */,
				A1B2C3D4E5F6789012345670 /* Frameworks */,
				A1B2C3D4E5F6789012345671 /* Resources */,
			);
			buildRules = (
			);
			dependencies = (
			);
			name = FeelTheComplexity;
			productName = FeelTheComplexity;
			productReference = A1B2C3D4E5F6789012345673 /* FeelTheComplexity.app */;
			productType = "com.apple.product-type.application";
		};
/* End PBXNativeTarget section */

/* Begin PBXProject section */
		A1B2C3D4E5F678901234566B /* Project object */ = {
			isa = PBXProject;
			attributes = {
				BuildIndependentTargetsInParallel = 1;
				LastSwiftUpdateCheck = 1500;
				LastUpgradeCheck = 1500;
				TargetAttributes = {
					A1B2C3D4E5F6789012345672 = {
						CreatedOnToolsVersion = 15.0;
					};
				};
			};
			buildConfigurationList = A1B2C3D4E5F678901234566E /* Build configuration list for PBXProject "FeelTheComplexity" */;
			compatibilityVersion = "Xcode 14.0";
			developmentRegion = en;
			hasScannedForEncodings = 0;
			knownRegions = (
				en,
				Base,
			);
			mainGroup = A1B2C3D4E5F6789012345669 /* FeelTheComplexity */;
			productRefGroup = A1B2C3D4E5F678901234566A /* Products */;
			projectDirPath = "";
			projectRoot = "";
			targets = (
				A1B2C3D4E5F6789012345672 /* FeelTheComplexity */,
			);
		};
/* End PBXProject section */

/* Begin PBXResourcesBuildPhase section */
		A1B2C3D4E5F6789012345671 /* Resources */ = {
			isa = PBXResourcesBuildPhase;
			buildActionMask = 2147483647;
			files = (
				A1B2C3D4E5F678901234567E /* Preview Assets.xcassets in Resources */,
				A1B2C3D4E5F678901234567B /* Assets.xcassets in Resources */,
				A1B2C3D4E5F6789012345690 /* FeelTheComplexity.entitlements in Resources */,
			);
			runOnlyForDeploymentPostprocessing = 0;
		};
/* End PBXResourcesBuildPhase section */

/* Begin PBXSourcesBuildPhase section */
		A1B2C3D4E5F678901234566F /* Sources */ = {
			isa = PBXSourcesBuildPhase;
			buildActionMask = 2147483647;
			files = (
				A1B2C3D4E5F6789012345678 /* FeelTheComplexityApp.swift in Sources */,
				A1B2C3D4E5F6789012345679 /* ContentView.swift in Sources */,
				A1B2C3D4E5F678901234567F /* UserProgress.swift in Sources */,
				A1B2C3D4E5F6789012345680 /* Lesson.swift in Sources */,
				A1B2C3D4E5F6789012345681 /* Achievement.swift in Sources */,
				A1B2C3D4E5F6789012345682 /* DailyStreak.swift in Sources */,
				A1B2C3D4E5F6789012345683 /* ComplexitySimulationEngine.swift in Sources */,
				A1B2C3D4E5F6789012345684 /* HomeView.swift in Sources */,
				A1B2C3D4E5F6789012345685 /* PlaygroundView.swift in Sources */,
				A1B2C3D4E5F6789012345686 /* CodeEditorTab.swift in Sources */,
				A1B2C3D4E5F6789012345687 /* VisualizationTab.swift in Sources */,
				A1B2C3D4E5F6789012345688 /* PerformanceTab.swift in Sources */,
				A1B2C3D4E5F6789012345689 /* HeatmapView.swift in Sources */,
				A1B2C3D4E5F678901234568A /* LearnView.swift in Sources */,
				A1B2C3D4E5F678901234568B /* ProfileView.swift in Sources */,
				A1B2C3D4E5F678901234568C /* WelcomeView.swift in Sources */,
				A1B2C3D4E5F678901234568D /* DailyPathView.swift in Sources */,
				A1B2C3D4E5F678901234568E /* LessonPickerView.swift in Sources */,
				A1B2C3D4E5F678901234568F /* String+Extensions.swift in Sources */,
			);
			runOnlyForDeploymentPostprocessing = 0;
		};
/* End PBXSourcesBuildPhase section */

/* Begin XCBuildConfiguration section */
		A1B2C3D4E5F678901234568C /* Debug */ = {
			isa = XCBuildConfiguration;
			buildSettings = {
				ALWAYS_SEARCH_USER_PATHS = NO;
				ASSETCATALOG_COMPILER_GENERATE_SWIFT_ASSET_SYMBOL_EXTENSIONS = YES;
				CLANG_ANALYZER_NONNULL = YES;
				CLANG_ANALYZER_NUMBER_OBJECT_CONVERSION = YES_AGGRESSIVE;
				CLANG_CXX_LANGUAGE_STANDARD = "gnu++20";
				CLANG_ENABLE_MODULES = YES;
				CLANG_ENABLE_OBJC_ARC = YES;
				CLANG_ENABLE_OBJC_WEAK = YES;
				CLANG_WARN_BLOCK_CAPTURE_AUTORELEASING = YES;
				CLANG_WARN_BOOL_CONVERSION = YES;
				CLANG_WARN_COMMA = YES;
				CLANG_WARN_CONSTANT_CONVERSION = YES;
				CLANG_WARN_DEPRECATED_OBJC_IMPLEMENTATIONS = YES;
				CLANG_WARN_DIRECT_OBJC_ISA_USAGE = YES_ERROR;
				CLANG_WARN_DOCUMENTATION_COMMENTS = YES;
				CLANG_WARN_EMPTY_BODY = YES;
				CLANG_WARN_ENUM_CONVERSION = YES;
				CLANG_WARN_INFINITE_RECURSION = YES;
				CLANG_WARN_INT_CONVERSION = YES;
				CLANG_WARN_NON_LITERAL_NULL_CONVERSION = YES;
				CLANG_WARN_OBJC_IMPLICIT_RETAIN_SELF = YES;
				CLANG_WARN_OBJC_LITERAL_CONVERSION = YES;
				CLANG_WARN_OBJC_ROOT_CLASS = YES_ERROR;
				CLANG_WARN_QUOTED_INCLUDE_IN_FRAMEWORK_HEADER = YES;
				CLANG_WARN_RANGE_LOOP_ANALYSIS = YES;
				CLANG_WARN_STRICT_PROTOTYPES = YES;
				CLANG_WARN_SUSPICIOUS_MOVE = YES;
				CLANG_WARN_UNGUARDED_AVAILABILITY = YES_AGGRESSIVE;
				CLANG_WARN_UNREACHABLE_CODE = YES;
				CLANG_WARN__DUPLICATE_METHOD_MATCH = YES;
				COPY_PHASE_STRIP = NO;
				DEBUG_INFORMATION_FORMAT = dwarf;
				ENABLE_STRICT_OBJC_MSGSEND = YES;
				ENABLE_TESTABILITY = YES;
				ENABLE_USER_SCRIPT_SANDBOXING = YES;
				GCC_C_LANGUAGE_STANDARD = gnu17;
				GCC_DYNAMIC_NO_PIC = NO;
				GCC_NO_COMMON_BLOCKS = YES;
				GCC_OPTIMIZATION_LEVEL = 0;
				GCC_PREPROCESSOR_DEFINITIONS = (
					"DEBUG=1",
					"$(inherited)",
				);
				GCC_WARN_64_TO_32_BIT_CONVERSION = YES;
				GCC_WARN_ABOUT_RETURN_TYPE = YES_ERROR;
				GCC_WARN_UNDECLARED_SELECTOR = YES;
				GCC_WARN_UNINITIALIZED_AUTOS = YES_AGGRESSIVE;
				GCC_WARN_UNUSED_FUNCTION = YES;
				GCC_WARN_UNUSED_VARIABLE = YES;
				IPHONEOS_DEPLOYMENT_TARGET = 17.0;
				LOCALIZATION_PREFERS_STRING_CATALOGS = YES;
				MTL_ENABLE_DEBUG_INFO = INCLUDE_SOURCE;
				MTL_FAST_MATH = YES;
				ONLY_ACTIVE_ARCH = YES;
				SDKROOT = iphoneos;
				SWIFT_ACTIVE_COMPILATION_CONDITIONS = "DEBUG $(inherited)";
				SWIFT_OPTIMIZATION_LEVEL = "-Onone";
			};
			name = Debug;
		};
		A1B2C3D4E5F678901234568D /* Release */ = {
			isa = XCBuildConfiguration;
			buildSettings = {
				ALWAYS_SEARCH_USER_PATHS = NO;
				ASSETCATALOG_COMPILER_GENERATE_SWIFT_ASSET_SYMBOL_EXTENSIONS = YES;
				CLANG_ANALYZER_NONNULL = YES;
				CLANG_ANALYZER_NUMBER_OBJECT_CONVERSION = YES_AGGRESSIVE;
				CLANG_CXX_LANGUAGE_STANDARD = "gnu++20";
				CLANG_ENABLE_MODULES = YES;
				CLANG_ENABLE_OBJC_ARC = YES;
				CLANG_ENABLE_OBJC_WEAK = YES;
				CLANG_WARN_BLOCK_CAPTURE_AUTORELEASING = YES;
				CLANG_WARN_BOOL_CONVERSION = YES;
				CLANG_WARN_COMMA = YES;
				CLANG_WARN_CONSTANT_CONVERSION = YES;
				CLANG_WARN_DEPRECATED_OBJC_IMPLEMENTATIONS = YES;
				CLANG_WARN_DIRECT_OBJC_ISA_USAGE = YES_ERROR;
				CLANG_WARN_DOCUMENTATION_COMMENTS = YES;
				CLANG_WARN_EMPTY_BODY = YES;
				CLANG_WARN_ENUM_CONVERSION = YES;
				CLANG_WARN_INFINITE_RECURSION = YES;
				CLANG_WARN_INT_CONVERSION = YES;
				CLANG_WARN_NON_LITERAL_NULL_CONVERSION = YES;
				CLANG_WARN_OBJC_IMPLICIT_RETAIN_SELF = YES;
				CLANG_WARN_OBJC_LITERAL_CONVERSION = YES;
				CLANG_WARN_OBJC_ROOT_CLASS = YES_ERROR;
				CLANG_WARN_QUOTED_INCLUDE_IN_FRAMEWORK_HEADER = YES;
				CLANG_WARN_RANGE_LOOP_ANALYSIS = YES;
				CLANG_WARN_STRICT_PROTOTYPES = YES;
				CLANG_WARN_SUSPICIOUS_MOVE = YES;
				CLANG_WARN_UNGUARDED_AVAILABILITY = YES_AGGRESSIVE;
				CLANG_WARN_UNREACHABLE_CODE = YES;
				CLANG_WARN__DUPLICATE_METHOD_MATCH = YES;
				COPY_PHASE_STRIP = NO;
				DEBUG_INFORMATION_FORMAT = "dwarf-with-dsym";
				ENABLE_NS_ASSERTIONS = NO;
				ENABLE_STRICT_OBJC_MSGSEND = YES;
				ENABLE_USER_SCRIPT_SANDBOXING = YES;
				GCC_C_LANGUAGE_STANDARD = gnu17;
				GCC_NO_COMMON_BLOCKS = YES;
				GCC_WARN_64_TO_32_BIT_CONVERSION = YES;
				GCC_WARN_ABOUT_RETURN_TYPE = YES_ERROR;
				GCC_WARN_UNDECLARED_SELECTOR = YES;
				GCC_WARN_UNINITIALIZED_AUTOS = YES_AGGRESSIVE;
				GCC_WARN_UNUSED_FUNCTION = YES;
				GCC_WARN_UNUSED_VARIABLE = YES;
				IPHONEOS_DEPLOYMENT_TARGET = 17.0;
				LOCALIZATION_PREFERS_STRING_CATALOGS = YES;
				MTL_ENABLE_DEBUG_INFO = NO;
				MTL_FAST_MATH = YES;
				SDKROOT = iphoneos;
				SWIFT_COMPILATION_MODE = wholemodule;
				VALIDATE_PRODUCT = YES;
			};
			name = Release;
		};
		A1B2C3D4E5F678901234568E /* Debug */ = {
			isa = XCBuildConfiguration;
			buildSettings = {
				ASSETCATALOG_COMPILER_APPICON_NAME = AppIcon;
				ASSETCATALOG_COMPILER_GLOBAL_ACCENT_COLOR_NAME = AccentColor;
				CODE_SIGN_ENTITLEMENTS = FeelTheComplexity/Resources/FeelTheComplexity.entitlements;
				CODE_SIGN_STYLE = Automatic;
				CURRENT_PROJECT_VERSION = 1;
				DEVELOPMENT_ASSET_PATHS = "\"FeelTheComplexity/Resources/Preview Content\"";
				DEVELOPMENT_TEAM = "";
				ENABLE_PREVIEWS = YES;
				GENERATE_INFOPLIST_FILE = YES;
				INFOPLIST_KEY_UIApplicationSceneManifest_Generation = YES;
				INFOPLIST_KEY_UIApplicationSupportsIndirectInputEvents = YES;
				INFOPLIST_KEY_UILaunchScreen_Generation = YES;
				INFOPLIST_KEY_UISupportedInterfaceOrientations_iPad = "UIInterfaceOrientationPortrait UIInterfaceOrientationPortraitUpsideDown UIInterfaceOrientationLandscapeLeft UIInterfaceOrientationLandscapeRight";
				INFOPLIST_KEY_UISupportedInterfaceOrientations_iPhone = "UIInterfaceOrientationPortrait UIInterfaceOrientationLandscapeLeft UIInterfaceOrientationLandscapeRight";
				LD_RUNPATH_SEARCH_PATHS = (
					"$(inherited)",
					"@executable_path/Frameworks",
				);
				MARKETING_VERSION = 1.0;
				PRODUCT_BUNDLE_IDENTIFIER = com.feelthecomplexity.app;
				PRODUCT_NAME = "$(TARGET_NAME)";
				SWIFT_EMIT_LOC_STRINGS = YES;
				SWIFT_VERSION = 5.0;
				TARGETED_DEVICE_FAMILY = "1,2";
			};
			name = Debug;
		};
		A1B2C3D4E5F678901234568F /* Release */ = {
			isa = XCBuildConfiguration;
			buildSettings = {
				ASSETCATALOG_COMPILER_APPICON_NAME = AppIcon;
				ASSETCATALOG_COMPILER_GLOBAL_ACCENT_COLOR_NAME = AccentColor;
				CODE_SIGN_ENTITLEMENTS = FeelTheComplexity/Resources/FeelTheComplexity.entitlements;
				CODE_SIGN_STYLE = Automatic;
				CURRENT_PROJECT_VERSION = 1;
				DEVELOPMENT_ASSET_PATHS = "\"FeelTheComplexity/Resources/Preview Content\"";
				DEVELOPMENT_TEAM = "";
				ENABLE_PREVIEWS = YES;
				GENERATE_INFOPLIST_FILE = YES;
				INFOPLIST_KEY_UIApplicationSceneManifest_Generation = YES;
				INFOPLIST_KEY_UIApplicationSupportsIndirectInputEvents = YES;
				INFOPLIST_KEY_UILaunchScreen_Generation = YES;
				INFOPLIST_KEY_UISupportedInterfaceOrientations_iPad = "UIInterfaceOrientationPortrait UIInterfaceOrientationPortraitUpsideDown UIInterfaceOrientationLandscapeLeft UIInterfaceOrientationLandscapeRight";
				INFOPLIST_KEY_UISupportedInterfaceOrientations_iPhone = "UIInterfaceOrientationPortrait UIInterfaceOrientationLandscapeLeft UIInterfaceOrientationLandscapeRight";
				LD_RUNPATH_SEARCH_PATHS = (
					"$(inherited)",
					"@executable_path/Frameworks",
				);
				MARKETING_VERSION = 1.0;
				PRODUCT_BUNDLE_IDENTIFIER = com.feelthecomplexity.app;
				PRODUCT_NAME = "$(TARGET_NAME)";
				SWIFT_EMIT_LOC_STRINGS = YES;
				SWIFT_VERSION = 5.0;
				TARGETED_DEVICE_FAMILY = "1,2";
			};
			name = Release;
		};
/* End XCBuildConfiguration section */

/* Begin XCConfigurationList section */
		A1B2C3D4E5F678901234566E /* Build configuration list for PBXProject "FeelTheComplexity" */ = {
			isa = XCConfigurationList;
			buildConfigurations = (
				A1B2C3D4E5F678901234568C /* Debug */,
				A1B2C3D4E5F678901234568D /* Release */,
			);
			defaultConfigurationIsVisible = 0;
			defaultConfigurationName = Release;
		};
		A1B2C3D4E5F678901234568B /* Build configuration list for PBXNativeTarget "FeelTheComplexity" */ = {
			isa = XCConfigurationList;
			buildConfigurations = (
				A1B2C3D4E5F678901234568E /* Debug */,
				A1B2C3D4E5F678901234568F /* Release */,
			);
			defaultConfigurationIsVisible = 0;
			defaultConfigurationName = Release;
		};
/* End XCConfigurationList section */
	};
	rootObject = A1B2C3D4E5F678901234566B /* Project object */;
}
